// !$*UTF8*$!
{
	archiveVersion = 1;
	classes = {
	};
	objectVersion = 77;
	objects = {

/* Begin PBXBuildFile section */
		C11559192DF549AE000C8A3D /* Config.xcconfig in Resources */ = {isa = PBXBuildFile; fileRef = C11559182DF549AE000C8A3D /* Config.xcconfig */; };
		E1C9CB5C2DF51B1100141845 /* WidgetKit.framework in Frameworks */ = {isa = PBXBuildFile; fileRef = E1C9CB5B2DF51B1100141845 /* WidgetKit.framework */; };
		E1C9CB5E2DF51B1100141845 /* SwiftUI.framework in Frameworks */ = {isa = PBXBuildFile; fileRef = E1C9CB5D2DF51B1100141845 /* SwiftUI.framework */; };
		E1C9CB6F2DF51B1300141845 /* GlucosaWidgetExtension.appex in Embed Foundation Extensions */ = {isa = PBXBuildFile; fileRef = E1C9CB592DF51B1100141845 /* GlucosaWidgetExtension.appex */; settings = {ATTRIBUTES = (RemoveHeadersOnCopy, ); }; };
/* End PBXBuildFile section */

/* Begin PBXContainerItemProxy section */
		E1C9CB6D2DF51B1300141845 /* PBXContainerItemProxy */ = {
			isa = PBXContainerItemProxy;
			containerPortal = E1F90E812DF4BC2200E5DFD7 /* Project object */;
			proxyType = 1;
			remoteGlobalIDString = E1C9CB582DF51B1100141845;
			remoteInfo = GlucosaWidgetExtension;
		};
/* End PBXContainerItemProxy section */

/* Begin PBXCopyFilesBuildPhase section */
		E1C9CB742DF51B1300141845 /* Embed Foundation Extensions */ = {
			isa = PBXCopyFilesBuildPhase;
			buildActionMask = 2147483647;
			dstPath = "";
			dstSubfolderSpec = 13;
			files = (
				E1C9CB6F2DF51B1300141845 /* GlucosaWidgetExtension.appex in Embed Foundation Extensions */,
			);
			name = "Embed Foundation Extensions";
			runOnlyForDeploymentPostprocessing = 0;
		};
/* End PBXCopyFilesBuildPhase section */

/* Begin PBXFileReference section */
		C11559182DF549AE000C8A3D /* Config.xcconfig */ = {isa = PBXFileReference; lastKnownFileType = text.xcconfig; path = Config.xcconfig; sourceTree = "<group>"; };
		E1C9CB592DF51B1100141845 /* GlucosaWidgetExtension.appex */ = {isa = PBXFileReference; explicitFileType = "wrapper.app-extension"; includeInIndex = 0; path = GlucosaWidgetExtension.appex; sourceTree = BUILT_PRODUCTS_DIR; };
		E1C9CB5B2DF51B1100141845 /* WidgetKit.framework */ = {isa = PBXFileReference; lastKnownFileType = wrapper.framework; name = WidgetKit.framework; path = System/Library/Frameworks/WidgetKit.framework; sourceTree = SDKROOT; };
		E1C9CB5D2DF51B1100141845 /* SwiftUI.framework */ = {isa = PBXFileReference; lastKnownFileType = wrapper.framework; name = SwiftUI.framework; path = System/Library/Frameworks/SwiftUI.framework; sourceTree = SDKROOT; };
		E1F90E892DF4BC2200E5DFD7 /* SwiftChallengeFestMaCabados.app */ = {isa = PBXFileReference; explicitFileType = wrapper.application; includeInIndex = 0; path = SwiftChallengeFestMaCabados.app; sourceTree = BUILT_PRODUCTS_DIR; };
/* End PBXFileReference section */

/* Begin PBXFileSystemSynchronizedBuildFileExceptionSet section */
		C115591B2DF549F4000C8A3D /* Exceptions for "SwiftChallengeFestMaCabados" folder in "SwiftChallengeFestMaCabados" target */ = {
			isa = PBXFileSystemSynchronizedBuildFileExceptionSet;
			membershipExceptions = (
				Info.plist,
			);
			target = E1F90E882DF4BC2200E5DFD7 /* SwiftChallengeFestMaCabados */;
		};
		E1C9CB702DF51B1300141845 /* Exceptions for "GlucosaWidget" folder in "GlucosaWidgetExtension" target */ = {
			isa = PBXFileSystemSynchronizedBuildFileExceptionSet;
			membershipExceptions = (
				Info.plist,
			);
			target = E1C9CB582DF51B1100141845 /* GlucosaWidgetExtension */;
		};
/* End PBXFileSystemSynchronizedBuildFileExceptionSet section */

/* Begin PBXFileSystemSynchronizedRootGroup section */
		E1C9CB5F2DF51B1100141845 /* GlucosaWidget */ = {
			isa = PBXFileSystemSynchronizedRootGroup;
			exceptions = (
				E1C9CB702DF51B1300141845 /* Exceptions for "GlucosaWidget" folder in "GlucosaWidgetExtension" target */,
			);
			path = GlucosaWidget;
			sourceTree = "<group>";
		};
		E1F90E8B2DF4BC2200E5DFD7 /* SwiftChallengeFestMaCabados */ = {
			isa = PBXFileSystemSynchronizedRootGroup;
			exceptions = (
				C115591B2DF549F4000C8A3D /* Exceptions for "SwiftChallengeFestMaCabados" folder in "SwiftChallengeFestMaCabados" target */,
			);
			path = SwiftChallengeFestMaCabados;
			sourceTree = "<group>";
		};
/* End PBXFileSystemSynchronizedRootGroup section */

/* Begin PBXFrameworksBuildPhase section */
		E1C9CB562DF51B1100141845 /* Frameworks */ = {
			isa = PBXFrameworksBuildPhase;
			buildActionMask = 2147483647;
			files = (
				E1C9CB5E2DF51B1100141845 /* SwiftUI.framework in Frameworks */,
				E1C9CB5C2DF51B1100141845 /* WidgetKit.framework in Frameworks */,
			);
			runOnlyForDeploymentPostprocessing = 0;
		};
		E1F90E862DF4BC2200E5DFD7 /* Frameworks */ = {
			isa = PBXFrameworksBuildPhase;
			buildActionMask = 2147483647;
			files = (
			);
			runOnlyForDeploymentPostprocessing = 0;
		};
/* End PBXFrameworksBuildPhase section */

/* Begin PBXGroup section */
		E1C9CB5A2DF51B1100141845 /* Frameworks */ = {
			isa = PBXGroup;
			children = (
				E1C9CB5B2DF51B1100141845 /* WidgetKit.framework */,
				E1C9CB5D2DF51B1100141845 /* SwiftUI.framework */,
			);
			name = Frameworks;
			sourceTree = "<group>";
		};
		E1F90E802DF4BC2200E5DFD7 = {
			isa = PBXGroup;
			children = (
				C11559182DF549AE000C8A3D /* Config.xcconfig */,
				E1F90E8B2DF4BC2200E5DFD7 /* SwiftChallengeFestMaCabados */,
				E1C9CB5F2DF51B1100141845 /* GlucosaWidget */,
				E1C9CB5A2DF51B1100141845 /* Frameworks */,
				E1F90E8A2DF4BC2200E5DFD7 /* Products */,
			);
			sourceTree = "<group>";
		};
		E1F90E8A2DF4BC2200E5DFD7 /* Products */ = {
			isa = PBXGroup;
			children = (
				E1F90E892DF4BC2200E5DFD7 /* SwiftChallengeFestMaCabados.app */,
				E1C9CB592DF51B1100141845 /* GlucosaWidgetExtension.appex */,
			);
			name = Products;
			sourceTree = "<group>";
		};
/* End PBXGroup section */

/* Begin PBXNativeTarget section */
		E1C9CB582DF51B1100141845 /* GlucosaWidgetExtension */ = {
			isa = PBXNativeTarget;
			buildConfigurationList = E1C9CB712DF51B1300141845 /* Build configuration list for PBXNativeTarget "GlucosaWidgetExtension" */;
			buildPhases = (
				E1C9CB552DF51B1100141845 /* Sources */,
				E1C9CB562DF51B1100141845 /* Frameworks */,
				E1C9CB572DF51B1100141845 /* Resources */,
			);
			buildRules = (
			);
			dependencies = (
			);
			fileSystemSynchronizedGroups = (
				E1C9CB5F2DF51B1100141845 /* GlucosaWidget */,
			);
			name = GlucosaWidgetExtension;
			packageProductDependencies = (
			);
			productName = GlucosaWidgetExtension;
			productReference = E1C9CB592DF51B1100141845 /* GlucosaWidgetExtension.appex */;
			productType = "com.apple.product-type.app-extension";
		};
		E1F90E882DF4BC2200E5DFD7 /* SwiftChallengeFestMaCabados */ = {
			isa = PBXNativeTarget;
			buildConfigurationList = E1F90E942DF4BC2300E5DFD7 /* Build configuration list for PBXNativeTarget "SwiftChallengeFestMaCabados" */;
			buildPhases = (
				E1F90E852DF4BC2200E5DFD7 /* Sources */,
				E1F90E862DF4BC2200E5DFD7 /* Frameworks */,
				E1F90E872DF4BC2200E5DFD7 /* Resources */,
				E1C9CB742DF51B1300141845 /* Embed Foundation Extensions */,
			);
			buildRules = (
			);
			dependencies = (
				E1C9CB6E2DF51B1300141845 /* PBXTargetDependency */,
			);
			fileSystemSynchronizedGroups = (
				E1F90E8B2DF4BC2200E5DFD7 /* SwiftChallengeFestMaCabados */,
			);
			name = SwiftChallengeFestMaCabados;
			packageProductDependencies = (
			);
			productName = SwiftChallengeFestMaCabados;
			productReference = E1F90E892DF4BC2200E5DFD7 /* SwiftChallengeFestMaCabados.app */;
			productType = "com.apple.product-type.application";
		};
/* End PBXNativeTarget section */

/* Begin PBXProject section */
		E1F90E812DF4BC2200E5DFD7 /* Project object */ = {
			isa = PBXProject;
			attributes = {
				BuildIndependentTargetsInParallel = 1;
				LastSwiftUpdateCheck = 1630;
				LastUpgradeCheck = 1640;
				TargetAttributes = {
					E1C9CB582DF51B1100141845 = {
						CreatedOnToolsVersion = 16.3;
					};
					E1F90E882DF4BC2200E5DFD7 = {
						CreatedOnToolsVersion = 16.3;
					};
				};
			};
			buildConfigurationList = E1F90E842DF4BC2200E5DFD7 /* Build configuration list for PBXProject "SwiftChallengeFestMaCabados" */;
			developmentRegion = en;
			hasScannedForEncodings = 0;
			knownRegions = (
				en,
				Base,
			);
			mainGroup = E1F90E802DF4BC2200E5DFD7;
			minimizedProjectReferenceProxies = 1;
			preferredProjectObjectVersion = 77;
			productRefGroup = E1F90E8A2DF4BC2200E5DFD7 /* Products */;
			projectDirPath = "";
			projectRoot = "";
			targets = (
				E1F90E882DF4BC2200E5DFD7 /* SwiftChallengeFestMaCabados */,
				E1C9CB582DF51B1100141845 /* GlucosaWidgetExtension */,
			);
		};
/* End PBXProject section */

/* Begin PBXResourcesBuildPhase section */
		E1C9CB572DF51B1100141845 /* Resources */ = {
			isa = PBXResourcesBuildPhase;
			buildActionMask = 2147483647;
			files = (
				C11559192DF549AE000C8A3D /* Config.xcconfig in Resources */,
			);
			runOnlyForDeploymentPostprocessing = 0;
		};
		E1F90E872DF4BC2200E5DFD7 /* Resources */ = {
			isa = PBXResourcesBuildPhase;
			buildActionMask = 2147483647;
			files = (
			);
			runOnlyForDeploymentPostprocessing = 0;
		};
/* End PBXResourcesBuildPhase section */

/* Begin PBXSourcesBuildPhase section */
		E1C9CB552DF51B1100141845 /* Sources */ = {
			isa = PBXSourcesBuildPhase;
			buildActionMask = 2147483647;
			files = (
			);
			runOnlyForDeploymentPostprocessing = 0;
		};
		E1F90E852DF4BC2200E5DFD7 /* Sources */ = {
			isa = PBXSourcesBuildPhase;
			buildActionMask = 2147483647;
			files = (
			);
			runOnlyForDeploymentPostprocessing = 0;
		};
/* End PBXSourcesBuildPhase section */

/* Begin PBXTargetDependency section */
		E1C9CB6E2DF51B1300141845 /* PBXTargetDependency */ = {
			isa = PBXTargetDependency;
			target = E1C9CB582DF51B1100141845 /* GlucosaWidgetExtension */;
			targetProxy = E1C9CB6D2DF51B1300141845 /* PBXContainerItemProxy */;
		};
/* End PBXTargetDependency section */

/* Begin XCBuildConfiguration section */
		E1C9CB722DF51B1300141845 /* Debug */ = {
			isa = XCBuildConfiguration;
			buildSettings = {
				ASSETCATALOG_COMPILER_GLOBAL_ACCENT_COLOR_NAME = AccentColor;
				ASSETCATALOG_COMPILER_WIDGET_BACKGROUND_COLOR_NAME = WidgetBackground;
				CODE_SIGN_IDENTITY = "Apple Development";
				CODE_SIGN_STYLE = Automatic;
				CURRENT_PROJECT_VERSION = 1;
				DEVELOPMENT_TEAM = Q6T99687P7;
				GENERATE_INFOPLIST_FILE = YES;
				INFOPLIST_FILE = GlucosaWidget/Info.plist;
				INFOPLIST_KEY_CFBundleDisplayName = GlucosaWidget;
				INFOPLIST_KEY_NSHumanReadableCopyright = "";
				LD_RUNPATH_SEARCH_PATHS = (
					"$(inherited)",
					"@executable_path/Frameworks",
					"@executable_path/../../Frameworks",
				);
				MARKETING_VERSION = 1.0;
				PRODUCT_BUNDLE_IDENTIFIER = mx.tec.SwiftChallengeFestMaCabados.GlucosaWidget;
				PRODUCT_NAME = "$(TARGET_NAME)";
				SKIP_INSTALL = YES;
				SWIFT_EMIT_LOC_STRINGS = YES;
				SWIFT_VERSION = 5.0;
				TARGETED_DEVICE_FAMILY = "1,2";
			};
			name = Debug;
		};
		E1C9CB732DF51B1300141845 /* Release */ = {
			isa = XCBuildConfiguration;
			buildSettings = {
				ASSETCATALOG_COMPILER_GLOBAL_ACCENT_COLOR_NAME = AccentColor;
				ASSETCATALOG_COMPILER_WIDGET_BACKGROUND_COLOR_NAME = WidgetBackground;
				CODE_SIGN_IDENTITY = "Apple Development";
				CODE_SIGN_STYLE = Automatic;
				CURRENT_PROJECT_VERSION = 1;
				DEVELOPMENT_TEAM = Q6T99687P7;
				GENERATE_INFOPLIST_FILE = YES;
				INFOPLIST_FILE = GlucosaWidget/Info.plist;
				INFOPLIST_KEY_CFBundleDisplayName = GlucosaWidget;
				INFOPLIST_KEY_NSHumanReadableCopyright = "";
				LD_RUNPATH_SEARCH_PATHS = (
					"$(inherited)",
					"@executable_path/Frameworks",
					"@executable_path/../../Frameworks",
				);
				MARKETING_VERSION = 1.0;
				PRODUCT_BUNDLE_IDENTIFIER = mx.tec.SwiftChallengeFestMaCabados.GlucosaWidget;
				PRODUCT_NAME = "$(TARGET_NAME)";
				SKIP_INSTALL = YES;
				SWIFT_EMIT_LOC_STRINGS = YES;
				SWIFT_VERSION = 5.0;
				TARGETED_DEVICE_FAMILY = "1,2";
			};
			name = Release;
		};
		E1F90E922DF4BC2300E5DFD7 /* Debug */ = {
			isa = XCBuildConfiguration;
			baseConfigurationReference = C11559182DF549AE000C8A3D /* Config.xcconfig */;
			buildSettings = {
				ALWAYS_SEARCH_USER_PATHS = NO;
				ASSETCATALOG_COMPILER_GENERATE_SWIFT_ASSET_SYMBOL_EXTENSIONS = YES;
				CLANG_ANALYZER_NONNULL = YES;
				CLANG_ANALYZER_NUMBER_OBJECT_CONVERSION = YES_AGGRESSIVE;
				CLANG_CXX_LANGUAGE_STANDARD = "gnu++20";
				CLANG_ENABLE_MODULES = YES;
				CLANG_ENABLE_OBJC_ARC = YES;
				CLANG_ENABLE_OBJC_WEAK = YES;
				CLANG_WARN_BLOCK_CAPTURE_AUTORELEASING = YES;
				CLANG_WARN_BOOL_CONVERSION = YES;
				CLANG_WARN_COMMA = YES;
				CLANG_WARN_CONSTANT_CONVERSION = YES;
				CLANG_WARN_DEPRECATED_OBJC_IMPLEMENTATIONS = YES;
				CLANG_WARN_DIRECT_OBJC_ISA_USAGE = YES_ERROR;
				CLANG_WARN_DOCUMENTATION_COMMENTS = YES;
				CLANG_WARN_EMPTY_BODY = YES;
				CLANG_WARN_ENUM_CONVERSION = YES;
				CLANG_WARN_INFINITE_RECURSION = YES;
				CLANG_WARN_INT_CONVERSION = YES;
				CLANG_WARN_NON_LITERAL_NULL_CONVERSION = YES;
				CLANG_WARN_OBJC_IMPLICIT_RETAIN_SELF = YES;
				CLANG_WARN_OBJC_LITERAL_CONVERSION = YES;
				CLANG_WARN_OBJC_ROOT_CLASS = YES_ERROR;
				CLANG_WARN_QUOTED_INCLUDE_IN_FRAMEWORK_HEADER = YES;
				CLANG_WARN_RANGE_LOOP_ANALYSIS = YES;
				CLANG_WARN_STRICT_PROTOTYPES = YES;
				CLANG_WARN_SUSPICIOUS_MOVE = YES;
				CLANG_WARN_UNGUARDED_AVAILABILITY = YES_AGGRESSIVE;
				CLANG_WARN_UNREACHABLE_CODE = YES;
				CLANG_WARN__DUPLICATE_METHOD_MATCH = YES;
				COPY_PHASE_STRIP = NO;
				DEBUG_INFORMATION_FORMAT = dwarf;
				DEVELOPMENT_TEAM = Q6T99687P7;
				ENABLE_STRICT_OBJC_MSGSEND = YES;
				ENABLE_TESTABILITY = YES;
				ENABLE_USER_SCRIPT_SANDBOXING = YES;
				GCC_C_LANGUAGE_STANDARD = gnu17;
				GCC_DYNAMIC_NO_PIC = NO;
				GCC_NO_COMMON_BLOCKS = YES;
				GCC_OPTIMIZATION_LEVEL = 0;
				GCC_PREPROCESSOR_DEFINITIONS = (
					"DEBUG=1",
					"$(inherited)",
				);
				GCC_WARN_64_TO_32_BIT_CONVERSION = YES;
				GCC_WARN_ABOUT_RETURN_TYPE = YES_ERROR;
				GCC_WARN_UNDECLARED_SELECTOR = YES;
				GCC_WARN_UNINITIALIZED_AUTOS = YES_AGGRESSIVE;
				GCC_WARN_UNUSED_FUNCTION = YES;
				GCC_WARN_UNUSED_VARIABLE = YES;
				IPHONEOS_DEPLOYMENT_TARGET = 18.4;
				LOCALIZATION_PREFERS_STRING_CATALOGS = YES;
				MTL_ENABLE_DEBUG_INFO = INCLUDE_SOURCE;
				MTL_FAST_MATH = YES;
				ONLY_ACTIVE_ARCH = YES;
				SDKROOT = iphoneos;
				SWIFT_ACTIVE_COMPILATION_CONDITIONS = "DEBUG $(inherited)";
				SWIFT_OPTIMIZATION_LEVEL = "-Onone";
			};
			name = Debug;
		};
		E1F90E932DF4BC2300E5DFD7 /* Release */ = {
			isa = XCBuildConfiguration;
			baseConfigurationReference = C11559182DF549AE000C8A3D /* Config.xcconfig */;
			buildSettings = {
				ALWAYS_SEARCH_USER_PATHS = NO;
				ASSETCATALOG_COMPILER_GENERATE_SWIFT_ASSET_SYMBOL_EXTENSIONS = YES;
				CLANG_ANALYZER_NONNULL = YES;
				CLANG_ANALYZER_NUMBER_OBJECT_CONVERSION = YES_AGGRESSIVE;
				CLANG_CXX_LANGUAGE_STANDARD = "gnu++20";
				CLANG_ENABLE_MODULES = YES;
				CLANG_ENABLE_OBJC_ARC = YES;
				CLANG_ENABLE_OBJC_WEAK = YES;
				CLANG_WARN_BLOCK_CAPTURE_AUTORELEASING = YES;
				CLANG_WARN_BOOL_CONVERSION = YES;
				CLANG_WARN_COMMA = YES;
				CLANG_WARN_CONSTANT_CONVERSION = YES;
				CLANG_WARN_DEPRECATED_OBJC_IMPLEMENTATIONS = YES;
				CLANG_WARN_DIRECT_OBJC_ISA_USAGE = YES_ERROR;
				CLANG_WARN_DOCUMENTATION_COMMENTS = YES;
				CLANG_WARN_EMPTY_BODY = YES;
				CLANG_WARN_ENUM_CONVERSION = YES;
				CLANG_WARN_INFINITE_RECURSION = YES;
				CLANG_WARN_INT_CONVERSION = YES;
				CLANG_WARN_NON_LITERAL_NULL_CONVERSION = YES;
				CLANG_WARN_OBJC_IMPLICIT_RETAIN_SELF = YES;
				CLANG_WARN_OBJC_LITERAL_CONVERSION = YES;
				CLANG_WARN_OBJC_ROOT_CLASS = YES_ERROR;
				CLANG_WARN_QUOTED_INCLUDE_IN_FRAMEWORK_HEADER = YES;
				CLANG_WARN_RANGE_LOOP_ANALYSIS = YES;
				CLANG_WARN_STRICT_PROTOTYPES = YES;
				CLANG_WARN_SUSPICIOUS_MOVE = YES;
				CLANG_WARN_UNGUARDED_AVAILABILITY = YES_AGGRESSIVE;
				CLANG_WARN_UNREACHABLE_CODE = YES;
				CLANG_WARN__DUPLICATE_METHOD_MATCH = YES;
				COPY_PHASE_STRIP = NO;
				DEBUG_INFORMATION_FORMAT = "dwarf-with-dsym";
				DEVELOPMENT_TEAM = Q6T99687P7;
				ENABLE_NS_ASSERTIONS = NO;
				ENABLE_STRICT_OBJC_MSGSEND = YES;
				ENABLE_USER_SCRIPT_SANDBOXING = YES;
				GCC_C_LANGUAGE_STANDARD = gnu17;
				GCC_NO_COMMON_BLOCKS = YES;
				GCC_WARN_64_TO_32_BIT_CONVERSION = YES;
				GCC_WARN_ABOUT_RETURN_TYPE = YES_ERROR;
				GCC_WARN_UNDECLARED_SELECTOR = YES;
				GCC_WARN_UNINITIALIZED_AUTOS = YES_AGGRESSIVE;
				GCC_WARN_UNUSED_FUNCTION = YES;
				GCC_WARN_UNUSED_VARIABLE = YES;
				IPHONEOS_DEPLOYMENT_TARGET = 18.4;
				LOCALIZATION_PREFERS_STRING_CATALOGS = YES;
				MTL_ENABLE_DEBUG_INFO = NO;
				MTL_FAST_MATH = YES;
				SDKROOT = iphoneos;
				SWIFT_COMPILATION_MODE = wholemodule;
				VALIDATE_PRODUCT = YES;
			};
			name = Release;
		};
		E1F90E952DF4BC2300E5DFD7 /* Debug */ = {
			isa = XCBuildConfiguration;
			buildSettings = {
				ASSETCATALOG_COMPILER_APPICON_NAME = AppIcon;
				ASSETCATALOG_COMPILER_GLOBAL_ACCENT_COLOR_NAME = AccentColor;
				CODE_SIGN_IDENTITY = "Apple Development";
				CODE_SIGN_STYLE = Automatic;
				CURRENT_PROJECT_VERSION = 1;
				ENABLE_PREVIEWS = YES;
				GENERATE_INFOPLIST_FILE = YES;
				INFOPLIST_FILE = SwiftChallengeFestMaCabados/Info.plist;
				INFOPLIST_KEY_LSApplicationCategoryType = "";
				INFOPLIST_KEY_NSCameraUsageDescription = "Esta app necesita usar la cámara para tomar fotos de tus comidas y así analizar su información nutrimental.";
				INFOPLIST_KEY_UIApplicationSceneManifest_Generation = YES;
				INFOPLIST_KEY_UILaunchScreen_Generation = YES;
				INFOPLIST_KEY_UISupportedInterfaceOrientations_iPad = "UIInterfaceOrientationPortrait UIInterfaceOrientationPortraitUpsideDown UIInterfaceOrientationLandscapeLeft UIInterfaceOrientationLandscapeRight";
				INFOPLIST_KEY_UISupportedInterfaceOrientations_iPhone = "UIInterfaceOrientationPortrait UIInterfaceOrientationLandscapeLeft UIInterfaceOrientationLandscapeRight";
				IPHONEOS_DEPLOYMENT_TARGET = 18.0;
				LD_RUNPATH_SEARCH_PATHS = (
					"$(inherited)",
					"@executable_path/Frameworks",
				);
				MARKETING_VERSION = 1.0;
				PRODUCT_BUNDLE_IDENTIFIER = mx.tec.SwiftChallengeFestMaCabados;
				PRODUCT_NAME = "$(TARGET_NAME)";
				PROVISIONING_PROFILE_SPECIFIER = "";
				SWIFT_EMIT_LOC_STRINGS = YES;
				SWIFT_VERSION = 5.0;
				TARGETED_DEVICE_FAMILY = "1,2";
			};
			name = Debug;
		};
		E1F90E962DF4BC2300E5DFD7 /* Release */ = {
			isa = XCBuildConfiguration;
			buildSettings = {
				ASSETCATALOG_COMPILER_APPICON_NAME = AppIcon;
				ASSETCATALOG_COMPILER_GLOBAL_ACCENT_COLOR_NAME = AccentColor;
				CODE_SIGN_IDENTITY = "Apple Development";
				CODE_SIGN_STYLE = Automatic;
				CURRENT_PROJECT_VERSION = 1;
				ENABLE_PREVIEWS = YES;
				GENERATE_INFOPLIST_FILE = YES;
				INFOPLIST_FILE = SwiftChallengeFestMaCabados/Info.plist;
				INFOPLIST_KEY_LSApplicationCategoryType = "";
				INFOPLIST_KEY_NSCameraUsageDescription = "Esta app necesita usar la cámara para tomar fotos de tus comidas y así analizar su información nutrimental.";
				INFOPLIST_KEY_UIApplicationSceneManifest_Generation = YES;
				INFOPLIST_KEY_UILaunchScreen_Generation = YES;
				INFOPLIST_KEY_UISupportedInterfaceOrientations_iPad = "UIInterfaceOrientationPortrait UIInterfaceOrientationPortraitUpsideDown UIInterfaceOrientationLandscapeLeft UIInterfaceOrientationLandscapeRight";
				INFOPLIST_KEY_UISupportedInterfaceOrientations_iPhone = "UIInterfaceOrientationPortrait UIInterfaceOrientationLandscapeLeft UIInterfaceOrientationLandscapeRight";
				IPHONEOS_DEPLOYMENT_TARGET = 18.0;
				LD_RUNPATH_SEARCH_PATHS = (
					"$(inherited)",
					"@executable_path/Frameworks",
				);
				MARKETING_VERSION = 1.0;
				PRODUCT_BUNDLE_IDENTIFIER = mx.tec.SwiftChallengeFestMaCabados;
				PRODUCT_NAME = "$(TARGET_NAME)";
				PROVISIONING_PROFILE_SPECIFIER = "";
				SWIFT_EMIT_LOC_STRINGS = YES;
				SWIFT_VERSION = 5.0;
				TARGETED_DEVICE_FAMILY = "1,2";
			};
			name = Release;
		};
/* End XCBuildConfiguration section */

/* Begin XCConfigurationList section */
		E1C9CB712DF51B1300141845 /* Build configuration list for PBXNativeTarget "GlucosaWidgetExtension" */ = {
			isa = XCConfigurationList;
			buildConfigurations = (
				E1C9CB722DF51B1300141845 /* Debug */,
				E1C9CB732DF51B1300141845 /* Release */,
			);
			defaultConfigurationIsVisible = 0;
			defaultConfigurationName = Release;
		};
		E1F90E842DF4BC2200E5DFD7 /* Build configuration list for PBXProject "SwiftChallengeFestMaCabados" */ = {
			isa = XCConfigurationList;
			buildConfigurations = (
				E1F90E922DF4BC2300E5DFD7 /* Debug */,
				E1F90E932DF4BC2300E5DFD7 /* Release */,
			);
			defaultConfigurationIsVisible = 0;
			defaultConfigurationName = Release;
		};
		E1F90E942DF4BC2300E5DFD7 /* Build configuration list for PBXNativeTarget "SwiftChallengeFestMaCabados" */ = {
			isa = XCConfigurationList;
			buildConfigurations = (
				E1F90E952DF4BC2300E5DFD7 /* Debug */,
				E1F90E962DF4BC2300E5DFD7 /* Release */,
			);
			defaultConfigurationIsVisible = 0;
			defaultConfigurationName = Release;
		};
/* End XCConfigurationList section */
	};
	rootObject = E1F90E812DF4BC2200E5DFD7 /* Project object */;
}
